PODS:
  - bridgesdk (0.0.1):
    - Flutter
  - camera_avfoundation (0.0.1):
    - Flutter
  - Flutter (1.0.0)
  - flutter_local_notifications (0.0.1):
    - Flutter
  - gallery_saver (0.0.1):
    - Flutter
  - local_auth_darwin (0.0.1):
    - Flutter
  - path_provider_foundation (0.0.1):
    - Flutter
    - FlutterMacOS
  - webview_flutter_wkwebview (0.0.1):
    - Flutter

DEPENDENCIES:
  - bridgesdk (from `.symlinks/plugins/bridgesdk/ios`)
  - camera_avfoundation (from `.symlinks/plugins/camera_avfoundation/ios`)
  - Flutter (from `Flutter`)
  - flutter_local_notifications (from `.symlinks/plugins/flutter_local_notifications/ios`)
  - gallery_saver (from `.symlinks/plugins/gallery_saver/ios`)
  - local_auth_darwin (from `.symlinks/plugins/local_auth_darwin/darwin`)
  - path_provider_foundation (from `.symlinks/plugins/path_provider_foundation/darwin`)
  - webview_flutter_wkwebview (from `.symlinks/plugins/webview_flutter_wkwebview/ios`)

EXTERNAL SOURCES:
  bridgesdk:
    :path: ".symlinks/plugins/bridgesdk/ios"
  camera_avfoundation:
    :path: ".symlinks/plugins/camera_avfoundation/ios"
  Flutter:
    :path: Flutter
  flutter_local_notifications:
    :path: ".symlinks/plugins/flutter_local_notifications/ios"
  gallery_saver:
    :path: ".symlinks/plugins/gallery_saver/ios"
  local_auth_darwin:
    :path: ".symlinks/plugins/local_auth_darwin/darwin"
  path_provider_foundation:
    :path: ".symlinks/plugins/path_provider_foundation/darwin"
  webview_flutter_wkwebview:
    :path: ".symlinks/plugins/webview_flutter_wkwebview/ios"

SPEC CHECKSUMS:
  bridgesdk: 23c8e9fb58f956b64056eee3dcc7a9560f0a5a60
  camera_avfoundation: 759172d1a77ae7be0de08fc104cfb79738b8a59e
  Flutter: e0871f40cf51350855a761d2e70bf5af5b9b5de7
  flutter_local_notifications: 4cde75091f6327eb8517fa068a0a5950212d2086
  gallery_saver: 9fc173c9f4fcc48af53b2a9ebea1b643255be542
  local_auth_darwin: c7e464000a6a89e952235699e32b329457608d98
  path_provider_foundation: 3784922295ac71e43754bd15e0653ccfd36a147c
  webview_flutter_wkwebview: b7e70ef1ddded7e69c796c7390ee74180182971f

PODFILE CHECKSUM: 819463e6a0290f5a72f145ba7cde16e8b6ef0796

COCOAPODS: 1.15.2
